PODS:
  - HitPay-iOS-SDK (0.1.4):
    - StripeTerminal (~> 2.0)
  - StripeTerminal (2.2.0)

DEPENDENCIES:
  - HitPay-iOS-SDK (~> 0.1.4)

SPEC REPOS:
  https://github.com/CocoaPods/Specs.git:
    - HitPay-iOS-SDK
    - StripeTerminal

SPEC CHECKSUMS:
  HitPay-iOS-SDK: 9d45aa840a3f70ecf9a1103bba844aa956636833
  StripeTerminal: d06c83ebcc000de142df04ad16713b08bdc0b7b9

PODFILE CHECKSUM: 26edd26e224701b73075b3d386343b0df4ddd54d

COCOAPODS: 1.11.2
