PODS:
  - HitPay-iOS-SDK (0.1.5):
    - StripeTerminal (~> 2.0)
  - StripeTerminal (2.3.0)

DEPENDENCIES:
  - HitPay-iOS-SDK (~> 0.1.5)

SPEC REPOS:
  https://github.com/CocoaPods/Specs.git:
    - HitPay-iOS-SDK
    - StripeTerminal

SPEC CHECKSUMS:
  HitPay-iOS-SDK: 8486a8d969c249419213607fb9526a1a5f90e47a
  StripeTerminal: c53f6bc71c11b11867992478b1806a7c6ec16c0f

PODFILE CHECKSUM: aca17f74b80106f6939ee367ebc8dd9f0b9c9ac1

COCOAPODS: 1.11.2
