PODS:
  - HitPay-iOS-SDK (0.1.6):
    - StripeTerminal (= 2.1.1)
  - StripeTerminal (2.1.1)

DEPENDENCIES:
  - HitPay-iOS-SDK (~> 0.1.6)

SPEC REPOS:
  https://github.com/CocoaPods/Specs.git:
    - HitPay-iOS-SDK
    - StripeTerminal

SPEC CHECKSUMS:
  HitPay-iOS-SDK: 80a37e2a53f6f5a560ebfbfd71bd48d661481de6
  StripeTerminal: c6344ab45a5a7dd15092e40ef74571614ab5b30f

PODFILE CHECKSUM: 15eec87a5b420cb7f62f70e17edec2ac2e974697

COCOAPODS: 1.11.3
